
Microsoft Visual Studio Solution File, Format Version 12.00
# Visual Studio 15
VisualStudioVersion = 15.0.28307.1209
MinimumVisualStudioVersion = 10.0.40219.1
Project("{9A19103F-16F7-4668-BE54-9A1E7A4F7556}") = "Todo.Web", "Todo.Web\Todo.Web.csproj", "{84A5C7B3-4C12-43F9-B9C4-46C50FB40DF3}"
EndProject
Project("{9A19103F-16F7-4668-BE54-9A1E7A4F7556}") = "Todo.Repository.Adapter", "Todo.Adapters\Todo.Repository.Adapter.csproj", "{64DCEDDC-7E6B-49D2-ACB5-8D3745874178}"
EndProject
Project("{9A19103F-16F7-4668-BE54-9A1E7A4F7556}") = "Todo.Application", "Todo.Application\Todo.Application.csproj", "{38482B5E-FC41-43FA-8A62-1632A7C221C3}"
EndProject
Project("{9A19103F-16F7-4668-BE54-9A1E7A4F7556}") = "Todo.Domain", "Todo.Domain\Todo.Domain.csproj", "{E537AC5A-A63C-4273-A6E3-8A7ADCE6ACD3}"
EndProject
Global
	GlobalSection(SolutionConfigurationPlatforms) = preSolution
		Debug|Any CPU = Debug|Any CPU
		Release|Any CPU = Release|Any CPU
	EndGlobalSection
	GlobalSection(ProjectConfigurationPlatforms) = postSolution
		{84A5C7B3-4C12-43F9-B9C4-46C50FB40DF3}.Debug|Any CPU.ActiveCfg = Debug|Any CPU
		{84A5C7B3-4C12-43F9-B9C4-46C50FB40DF3}.Debug|Any CPU.Build.0 = Debug|Any CPU
		{84A5C7B3-4C12-43F9-B9C4-46C50FB40DF3}.Release|Any CPU.ActiveCfg = Release|Any CPU
		{84A5C7B3-4C12-43F9-B9C4-46C50FB40DF3}.Release|Any CPU.Build.0 = Release|Any CPU
		{64DCEDDC-7E6B-49D2-ACB5-8D3745874178}.Debug|Any CPU.ActiveCfg = Debug|Any CPU
		{64DCEDDC-7E6B-49D2-ACB5-8D3745874178}.Debug|Any CPU.Build.0 = Debug|Any CPU
		{64DCEDDC-7E6B-49D2-ACB5-8D3745874178}.Release|Any CPU.ActiveCfg = Release|Any CPU
		{64DCEDDC-7E6B-49D2-ACB5-8D3745874178}.Release|Any CPU.Build.0 = Release|Any CPU
		{38482B5E-FC41-43FA-8A62-1632A7C221C3}.Debug|Any CPU.ActiveCfg = Debug|Any CPU
		{38482B5E-FC41-43FA-8A62-1632A7C221C3}.Debug|Any CPU.Build.0 = Debug|Any CPU
		{38482B5E-FC41-43FA-8A62-1632A7C221C3}.Release|Any CPU.ActiveCfg = Release|Any CPU
		{38482B5E-FC41-43FA-8A62-1632A7C221C3}.Release|Any CPU.Build.0 = Release|Any CPU
		{E537AC5A-A63C-4273-A6E3-8A7ADCE6ACD3}.Debug|Any CPU.ActiveCfg = Debug|Any CPU
		{E537AC5A-A63C-4273-A6E3-8A7ADCE6ACD3}.Debug|Any CPU.Build.0 = Debug|Any CPU
		{E537AC5A-A63C-4273-A6E3-8A7ADCE6ACD3}.Release|Any CPU.ActiveCfg = Release|Any CPU
		{E537AC5A-A63C-4273-A6E3-8A7ADCE6ACD3}.Release|Any CPU.Build.0 = Release|Any CPU
	EndGlobalSection
	GlobalSection(SolutionProperties) = preSolution
		HideSolutionNode = FALSE
	EndGlobalSection
	GlobalSection(ExtensibilityGlobals) = postSolution
		SolutionGuid = {9FF83A1F-0E0F-45A8-A5AC-421C06504B3E}
	EndGlobalSection
EndGlobal
